// !$*UTF8*$!
{
	archiveVersion = 1;
	classes = {
	};
	objectVersion = 46;
	objects = {

/* Begin PBXBuildFile section */
		1884AC6E19A8E07300CE61B4 /* Foundation.framework in Frameworks */ = {isa = PBXBuildFile; fileRef = 1884AC6D19A8E07300CE61B4 /* Foundation.framework */; };
		1884AC7019A8E07300CE61B4 /* CoreGraphics.framework in Frameworks */ = {isa = PBXBuildFile; fileRef = 1884AC6F19A8E07300CE61B4 /* CoreGraphics.framework */; };
		1884AC7219A8E07300CE61B4 /* UIKit.framework in Frameworks */ = {isa = PBXBuildFile; fileRef = 1884AC7119A8E07300CE61B4 /* UIKit.framework */; };
		1884AC7819A8E07300CE61B4 /* InfoPlist.strings in Resources */ = {isa = PBXBuildFile; fileRef = 1884AC7619A8E07300CE61B4 /* InfoPlist.strings */; };
		1884AC7A19A8E07300CE61B4 /* main.m in Sources */ = {isa = PBXBuildFile; fileRef = 1884AC7919A8E07300CE61B4 /* main.m */; };
		1884AC7E19A8E07300CE61B4 /* AppDelegate.m in Sources */ = {isa = PBXBuildFile; fileRef = 1884AC7D19A8E07300CE61B4 /* AppDelegate.m */; };
		1884AC8119A8E07300CE61B4 /* Main_iPhone.storyboard in Resources */ = {isa = PBXBuildFile; fileRef = 1884AC7F19A8E07300CE61B4 /* Main_iPhone.storyboard */; };
		1884AC8419A8E07300CE61B4 /* Main_iPad.storyboard in Resources */ = {isa = PBXBuildFile; fileRef = 1884AC8219A8E07300CE61B4 /* Main_iPad.storyboard */; };
		1884AC8719A8E07300CE61B4 /* ViewController.m in Sources */ = {isa = PBXBuildFile; fileRef = 1884AC8619A8E07300CE61B4 /* ViewController.m */; };
		1884AC8919A8E07300CE61B4 /* Images.xcassets in Resources */ = {isa = PBXBuildFile; fileRef = 1884AC8819A8E07300CE61B4 /* Images.xcassets */; };
		1884ACAB19A8E61400CE61B4 /* IntroViewController.m in Sources */ = {isa = PBXBuildFile; fileRef = 1884ACAA19A8E61400CE61B4 /* IntroViewController.m */; };
		1884ACAF19A8E66600CE61B4 /* HomeViewController.m in Sources */ = {isa = PBXBuildFile; fileRef = 1884ACAE19A8E66600CE61B4 /* HomeViewController.m */; };
		1884ACB319A8E6EE00CE61B4 /* StateServices.m in Sources */ = {isa = PBXBuildFile; fileRef = 1884ACB219A8E6EE00CE61B4 /* StateServices.m */; };
		1884ACB519A8E8F400CE61B4 /* IntroViewController.xib in Resources */ = {isa = PBXBuildFile; fileRef = 1884ACB419A8E8F400CE61B4 /* IntroViewController.xib */; };
		1884ACBA19A8E9C800CE61B4 /* Intro1ViewController.m in Sources */ = {isa = PBXBuildFile; fileRef = 1884ACB819A8E9C800CE61B4 /* Intro1ViewController.m */; };
		1884ACBB19A8E9C800CE61B4 /* Intro1ViewController.xib in Resources */ = {isa = PBXBuildFile; fileRef = 1884ACB919A8E9C800CE61B4 /* Intro1ViewController.xib */; };
		1884ACBF19A8E9DA00CE61B4 /* Intro2ViewController.m in Sources */ = {isa = PBXBuildFile; fileRef = 1884ACBD19A8E9DA00CE61B4 /* Intro2ViewController.m */; };
		1884ACC019A8E9DA00CE61B4 /* Intro2ViewController.xib in Resources */ = {isa = PBXBuildFile; fileRef = 1884ACBE19A8E9DA00CE61B4 /* Intro2ViewController.xib */; };
		1884ACC719A8FF7B00CE61B4 /* cancel.png in Resources */ = {isa = PBXBuildFile; fileRef = 1884ACC619A8FF7B00CE61B4 /* cancel.png */; };
		1884ACCA19A9009700CE61B4 /* 1.jpg in Resources */ = {isa = PBXBuildFile; fileRef = 1884ACC819A9009700CE61B4 /* 1.jpg */; };
		1884ACCB19A9009700CE61B4 /* 2.jpg in Resources */ = {isa = PBXBuildFile; fileRef = 1884ACC919A9009700CE61B4 /* 2.jpg */; };
		1884ACDF19A99A3600CE61B4 /* category.png in Resources */ = {isa = PBXBuildFile; fileRef = 1884ACDC19A99A3600CE61B4 /* category.png */; };
		1884ACE019A99A3600CE61B4 /* person.png in Resources */ = {isa = PBXBuildFile; fileRef = 1884ACDD19A99A3600CE61B4 /* person.png */; };
		1884ACE119A99A3600CE61B4 /* search.png in Resources */ = {isa = PBXBuildFile; fileRef = 1884ACDE19A99A3600CE61B4 /* search.png */; };
		1884ACEA19A99F4F00CE61B4 /* DXSemiTableViewController.m in Sources */ = {isa = PBXBuildFile; fileRef = 1884ACE519A99F4F00CE61B4 /* DXSemiTableViewController.m */; };
		1884ACEB19A99F4F00CE61B4 /* DXSemiViewController.m in Sources */ = {isa = PBXBuildFile; fileRef = 1884ACE719A99F4F00CE61B4 /* DXSemiViewController.m */; };
		1884ACEC19A99F4F00CE61B4 /* DXSemiViewControllerCategory.m in Sources */ = {isa = PBXBuildFile; fileRef = 1884ACE919A99F4F00CE61B4 /* DXSemiViewControllerCategory.m */; };
		1884ACEF19A9A00800CE61B4 /* CategoryViewController.m in Sources */ = {isa = PBXBuildFile; fileRef = 1884ACEE19A9A00800CE61B4 /* CategoryViewController.m */; };
		1884ACF419A9AAF400CE61B4 /* CategoryTableViewCell.m in Sources */ = {isa = PBXBuildFile; fileRef = 1884ACF219A9AAF400CE61B4 /* CategoryTableViewCell.m */; };
		1884ACF519A9AAF400CE61B4 /* CategoryTableViewCell.xib in Resources */ = {isa = PBXBuildFile; fileRef = 1884ACF319A9AAF400CE61B4 /* CategoryTableViewCell.xib */; };
		1884ACFC19A9B44F00CE61B4 /* category1.png in Resources */ = {isa = PBXBuildFile; fileRef = 1884ACF619A9B44F00CE61B4 /* category1.png */; };
		1884ACFD19A9B44F00CE61B4 /* category2.png in Resources */ = {isa = PBXBuildFile; fileRef = 1884ACF719A9B44F00CE61B4 /* category2.png */; };
		1884ACFE19A9B44F00CE61B4 /* category3.png in Resources */ = {isa = PBXBuildFile; fileRef = 1884ACF819A9B44F00CE61B4 /* category3.png */; };
		1884ACFF19A9B44F00CE61B4 /* category4.png in Resources */ = {isa = PBXBuildFile; fileRef = 1884ACF919A9B44F00CE61B4 /* category4.png */; };
		1884AD0019A9B44F00CE61B4 /* category5.png in Resources */ = {isa = PBXBuildFile; fileRef = 1884ACFA19A9B44F00CE61B4 /* category5.png */; };
		1884AD0119A9B44F00CE61B4 /* category6.png in Resources */ = {isa = PBXBuildFile; fileRef = 1884ACFB19A9B44F00CE61B4 /* category6.png */; };
		1884AD0319A9C11300CE61B4 /* launch.png in Resources */ = {isa = PBXBuildFile; fileRef = 1884AD0219A9C11300CE61B4 /* launch.png */; };
		1884AD0519A9C20500CE61B4 /* icon.png in Resources */ = {isa = PBXBuildFile; fileRef = 1884AD0419A9C20500CE61B4 /* icon.png */; };
		1884AD0719A9C26600CE61B4 /* icon1.png in Resources */ = {isa = PBXBuildFile; fileRef = 1884AD0619A9C26600CE61B4 /* icon1.png */; };
		189DE08619BDA52600B6F17F /* MyAccountViewController.m in Sources */ = {isa = PBXBuildFile; fileRef = 189DE08419BDA52600B6F17F /* MyAccountViewController.m */; };
		189DE08719BDA52600B6F17F /* MyAccountViewController.xib in Resources */ = {isa = PBXBuildFile; fileRef = 189DE08519BDA52600B6F17F /* MyAccountViewController.xib */; };
		189DE08B19BDA7E200B6F17F /* MyCombinationViewController.m in Sources */ = {isa = PBXBuildFile; fileRef = 189DE08919BDA7E200B6F17F /* MyCombinationViewController.m */; };
		189DE08C19BDA7E200B6F17F /* MyCombinationViewController.xib in Resources */ = {isa = PBXBuildFile; fileRef = 189DE08A19BDA7E200B6F17F /* MyCombinationViewController.xib */; };
		189DE09019BDA84200B6F17F /* FocusViewController.m in Sources */ = {isa = PBXBuildFile; fileRef = 189DE08E19BDA84200B6F17F /* FocusViewController.m */; };
		189DE09119BDA84200B6F17F /* FocusViewController.xib in Resources */ = {isa = PBXBuildFile; fileRef = 189DE08F19BDA84200B6F17F /* FocusViewController.xib */; };
		189DE09519BDA8B100B6F17F /* ConsultantViewController.m in Sources */ = {isa = PBXBuildFile; fileRef = 189DE09319BDA8B100B6F17F /* ConsultantViewController.m */; };
		189DE09619BDA8B100B6F17F /* ConsultantViewController.xib in Resources */ = {isa = PBXBuildFile; fileRef = 189DE09419BDA8B100B6F17F /* ConsultantViewController.xib */; };
		189DE09A19BDA92300B6F17F /* MyCycleViewController.m in Sources */ = {isa = PBXBuildFile; fileRef = 189DE09819BDA92300B6F17F /* MyCycleViewController.m */; };
		189DE09B19BDA92300B6F17F /* MyCycleViewController.xib in Resources */ = {isa = PBXBuildFile; fileRef = 189DE09919BDA92300B6F17F /* MyCycleViewController.xib */; };
		189DE0B019BFEEE300B6F17F /* libGMGridView.a in Frameworks */ = {isa = PBXBuildFile; fileRef = 189DE0A919BEAB9C00B6F17F /* libGMGridView.a */; };
		189E0A3B19AB04C000B4B2B6 /* icon2.png in Resources */ = {isa = PBXBuildFile; fileRef = 189E0A3A19AB04C000B4B2B6 /* icon2.png */; };
		189E0A3D19AB075E00B4B2B6 /* QuartzCore.framework in Frameworks */ = {isa = PBXBuildFile; fileRef = 189E0A3C19AB075E00B4B2B6 /* QuartzCore.framework */; };
		189E0A4D19ACAFF500B4B2B6 /* recommended1.png in Resources */ = {isa = PBXBuildFile; fileRef = 189E0A4819ACAFF500B4B2B6 /* recommended1.png */; };
		189E0A4E19ACAFF500B4B2B6 /* recommended2.png in Resources */ = {isa = PBXBuildFile; fileRef = 189E0A4919ACAFF500B4B2B6 /* recommended2.png */; };
		189E0A4F19ACAFF500B4B2B6 /* recommended3.png in Resources */ = {isa = PBXBuildFile; fileRef = 189E0A4A19ACAFF500B4B2B6 /* recommended3.png */; };
		189E0A5019ACAFF500B4B2B6 /* recommended4.png in Resources */ = {isa = PBXBuildFile; fileRef = 189E0A4B19ACAFF500B4B2B6 /* recommended4.png */; };
		189E0A5119ACAFF500B4B2B6 /* recommended5.png in Resources */ = {isa = PBXBuildFile; fileRef = 189E0A4C19ACAFF500B4B2B6 /* recommended5.png */; };
		189E0A5819B2D87000B4B2B6 /* TrendViewController.m in Sources */ = {isa = PBXBuildFile; fileRef = 189E0A5719B2D87000B4B2B6 /* TrendViewController.m */; };
		189E0A5B19B2DDE500B4B2B6 /* TrendView.m in Sources */ = {isa = PBXBuildFile; fileRef = 189E0A5A19B2DDE500B4B2B6 /* TrendView.m */; };
/* End PBXBuildFile section */

/* Begin PBXContainerItemProxy section */
		189DE0A819BEAB9C00B6F17F /* PBXContainerItemProxy */ = {
			isa = PBXContainerItemProxy;
			containerPortal = 189DE0A419BEAB9B00B6F17F /* GMGridView.xcodeproj */;
			proxyType = 2;
			remoteGlobalIDString = 78509312149FAC2E000787E4;
			remoteInfo = GMGridView;
		};
/* End PBXContainerItemProxy section */

/* Begin PBXFileReference section */
		1884AC6A19A8E07300CE61B4 /* FinancialPlatform.app */ = {isa = PBXFileReference; explicitFileType = wrapper.application; includeInIndex = 0; path = FinancialPlatform.app; sourceTree = BUILT_PRODUCTS_DIR; };
		1884AC6D19A8E07300CE61B4 /* Foundation.framework */ = {isa = PBXFileReference; lastKnownFileType = wrapper.framework; name = Foundation.framework; path = System/Library/Frameworks/Foundation.framework; sourceTree = SDKROOT; };
		1884AC6F19A8E07300CE61B4 /* CoreGraphics.framework */ = {isa = PBXFileReference; lastKnownFileType = wrapper.framework; name = CoreGraphics.framework; path = System/Library/Frameworks/CoreGraphics.framework; sourceTree = SDKROOT; };
		1884AC7119A8E07300CE61B4 /* UIKit.framework */ = {isa = PBXFileReference; lastKnownFileType = wrapper.framework; name = UIKit.framework; path = System/Library/Frameworks/UIKit.framework; sourceTree = SDKROOT; };
		1884AC7519A8E07300CE61B4 /* FinancialPlatform-Info.plist */ = {isa = PBXFileReference; lastKnownFileType = text.plist.xml; path = "FinancialPlatform-Info.plist"; sourceTree = "<group>"; };
		1884AC7719A8E07300CE61B4 /* en */ = {isa = PBXFileReference; lastKnownFileType = text.plist.strings; name = en; path = en.lproj/InfoPlist.strings; sourceTree = "<group>"; };
		1884AC7919A8E07300CE61B4 /* main.m */ = {isa = PBXFileReference; lastKnownFileType = sourcecode.c.objc; path = main.m; sourceTree = "<group>"; };
		1884AC7B19A8E07300CE61B4 /* FinancialPlatform-Prefix.pch */ = {isa = PBXFileReference; lastKnownFileType = sourcecode.c.h; path = "FinancialPlatform-Prefix.pch"; sourceTree = "<group>"; };
		1884AC7C19A8E07300CE61B4 /* AppDelegate.h */ = {isa = PBXFileReference; lastKnownFileType = sourcecode.c.h; path = AppDelegate.h; sourceTree = "<group>"; };
		1884AC7D19A8E07300CE61B4 /* AppDelegate.m */ = {isa = PBXFileReference; lastKnownFileType = sourcecode.c.objc; path = AppDelegate.m; sourceTree = "<group>"; };
		1884AC8019A8E07300CE61B4 /* Base */ = {isa = PBXFileReference; lastKnownFileType = file.storyboard; name = Base; path = Base.lproj/Main_iPhone.storyboard; sourceTree = "<group>"; };
		1884AC8319A8E07300CE61B4 /* Base */ = {isa = PBXFileReference; lastKnownFileType = file.storyboard; name = Base; path = Base.lproj/Main_iPad.storyboard; sourceTree = "<group>"; };
		1884AC8519A8E07300CE61B4 /* ViewController.h */ = {isa = PBXFileReference; lastKnownFileType = sourcecode.c.h; path = ViewController.h; sourceTree = "<group>"; };
		1884AC8619A8E07300CE61B4 /* ViewController.m */ = {isa = PBXFileReference; lastKnownFileType = sourcecode.c.objc; path = ViewController.m; sourceTree = "<group>"; };
		1884AC8819A8E07300CE61B4 /* Images.xcassets */ = {isa = PBXFileReference; lastKnownFileType = folder.assetcatalog; path = Images.xcassets; sourceTree = "<group>"; };
		1884AC8F19A8E07300CE61B4 /* XCTest.framework */ = {isa = PBXFileReference; lastKnownFileType = wrapper.framework; name = XCTest.framework; path = Library/Frameworks/XCTest.framework; sourceTree = DEVELOPER_DIR; };
		1884AC9719A8E07400CE61B4 /* FinancialPlatformTests-Info.plist */ = {isa = PBXFileReference; lastKnownFileType = text.plist.xml; path = "FinancialPlatformTests-Info.plist"; sourceTree = "<group>"; };
		1884AC9919A8E07400CE61B4 /* en */ = {isa = PBXFileReference; lastKnownFileType = text.plist.strings; name = en; path = en.lproj/InfoPlist.strings; sourceTree = "<group>"; };
		1884AC9B19A8E07400CE61B4 /* FinancialPlatformTests.m */ = {isa = PBXFileReference; lastKnownFileType = sourcecode.c.objc; path = FinancialPlatformTests.m; sourceTree = "<group>"; };
		1884ACA919A8E61400CE61B4 /* IntroViewController.h */ = {isa = PBXFileReference; fileEncoding = 4; lastKnownFileType = sourcecode.c.h; name = IntroViewController.h; path = Views/IntroViewController.h; sourceTree = "<group>"; };
		1884ACAA19A8E61400CE61B4 /* IntroViewController.m */ = {isa = PBXFileReference; fileEncoding = 4; lastKnownFileType = sourcecode.c.objc; name = IntroViewController.m; path = Views/IntroViewController.m; sourceTree = "<group>"; };
		1884ACAD19A8E66600CE61B4 /* HomeViewController.h */ = {isa = PBXFileReference; fileEncoding = 4; lastKnownFileType = sourcecode.c.h; name = HomeViewController.h; path = Views/HomeViewController.h; sourceTree = "<group>"; };
		1884ACAE19A8E66600CE61B4 /* HomeViewController.m */ = {isa = PBXFileReference; fileEncoding = 4; lastKnownFileType = sourcecode.c.objc; name = HomeViewController.m; path = Views/HomeViewController.m; sourceTree = "<group>"; };
		1884ACB119A8E6EE00CE61B4 /* StateServices.h */ = {isa = PBXFileReference; fileEncoding = 4; lastKnownFileType = sourcecode.c.h; name = StateServices.h; path = Services/StateServices.h; sourceTree = "<group>"; };
		1884ACB219A8E6EE00CE61B4 /* StateServices.m */ = {isa = PBXFileReference; fileEncoding = 4; lastKnownFileType = sourcecode.c.objc; name = StateServices.m; path = Services/StateServices.m; sourceTree = "<group>"; };
		1884ACB419A8E8F400CE61B4 /* IntroViewController.xib */ = {isa = PBXFileReference; fileEncoding = 4; lastKnownFileType = file.xib; path = IntroViewController.xib; sourceTree = "<group>"; };
		1884ACB719A8E9C800CE61B4 /* Intro1ViewController.h */ = {isa = PBXFileReference; fileEncoding = 4; lastKnownFileType = sourcecode.c.h; name = Intro1ViewController.h; path = Views/Intros/Intro1ViewController.h; sourceTree = "<group>"; };
		1884ACB819A8E9C800CE61B4 /* Intro1ViewController.m */ = {isa = PBXFileReference; fileEncoding = 4; lastKnownFileType = sourcecode.c.objc; name = Intro1ViewController.m; path = Views/Intros/Intro1ViewController.m; sourceTree = "<group>"; };
		1884ACB919A8E9C800CE61B4 /* Intro1ViewController.xib */ = {isa = PBXFileReference; fileEncoding = 4; lastKnownFileType = file.xib; name = Intro1ViewController.xib; path = Views/Intros/Intro1ViewController.xib; sourceTree = "<group>"; };
		1884ACBC19A8E9DA00CE61B4 /* Intro2ViewController.h */ = {isa = PBXFileReference; fileEncoding = 4; lastKnownFileType = sourcecode.c.h; name = Intro2ViewController.h; path = Views/Intros/Intro2ViewController.h; sourceTree = "<group>"; };
		1884ACBD19A8E9DA00CE61B4 /* Intro2ViewController.m */ = {isa = PBXFileReference; fileEncoding = 4; lastKnownFileType = sourcecode.c.objc; name = Intro2ViewController.m; path = Views/Intros/Intro2ViewController.m; sourceTree = "<group>"; };
		1884ACBE19A8E9DA00CE61B4 /* Intro2ViewController.xib */ = {isa = PBXFileReference; fileEncoding = 4; lastKnownFileType = file.xib; name = Intro2ViewController.xib; path = Views/Intros/Intro2ViewController.xib; sourceTree = "<group>"; };
		1884ACC619A8FF7B00CE61B4 /* cancel.png */ = {isa = PBXFileReference; lastKnownFileType = image.png; name = cancel.png; path = Images/cancel.png; sourceTree = "<group>"; };
		1884ACC819A9009700CE61B4 /* 1.jpg */ = {isa = PBXFileReference; lastKnownFileType = image.jpeg; name = 1.jpg; path = Images/1.jpg; sourceTree = "<group>"; };
		1884ACC919A9009700CE61B4 /* 2.jpg */ = {isa = PBXFileReference; lastKnownFileType = image.jpeg; name = 2.jpg; path = Images/2.jpg; sourceTree = "<group>"; };
		1884ACDC19A99A3600CE61B4 /* category.png */ = {isa = PBXFileReference; lastKnownFileType = image.png; name = category.png; path = Images/category.png; sourceTree = "<group>"; };
		1884ACDD19A99A3600CE61B4 /* person.png */ = {isa = PBXFileReference; lastKnownFileType = image.png; name = person.png; path = Images/person.png; sourceTree = "<group>"; };
		1884ACDE19A99A3600CE61B4 /* search.png */ = {isa = PBXFileReference; lastKnownFileType = image.png; name = search.png; path = Images/search.png; sourceTree = "<group>"; };
		1884ACE419A99F4F00CE61B4 /* DXSemiTableViewController.h */ = {isa = PBXFileReference; fileEncoding = 4; lastKnownFileType = sourcecode.c.h; name = DXSemiTableViewController.h; path = repository/DXSemiView/DXSemiTableViewController.h; sourceTree = "<group>"; };
		1884ACE519A99F4F00CE61B4 /* DXSemiTableViewController.m */ = {isa = PBXFileReference; fileEncoding = 4; lastKnownFileType = sourcecode.c.objc; name = DXSemiTableViewController.m; path = repository/DXSemiView/DXSemiTableViewController.m; sourceTree = "<group>"; };
		1884ACE619A99F4F00CE61B4 /* DXSemiViewController.h */ = {isa = PBXFileReference; fileEncoding = 4; lastKnownFileType = sourcecode.c.h; name = DXSemiViewController.h; path = repository/DXSemiView/DXSemiViewController.h; sourceTree = "<group>"; };
		1884ACE719A99F4F00CE61B4 /* DXSemiViewController.m */ = {isa = PBXFileReference; fileEncoding = 4; lastKnownFileType = sourcecode.c.objc; name = DXSemiViewController.m; path = repository/DXSemiView/DXSemiViewController.m; sourceTree = "<group>"; };
		1884ACE819A99F4F00CE61B4 /* DXSemiViewControllerCategory.h */ = {isa = PBXFileReference; fileEncoding = 4; lastKnownFileType = sourcecode.c.h; name = DXSemiViewControllerCategory.h; path = repository/DXSemiView/DXSemiViewControllerCategory.h; sourceTree = "<group>"; };
		1884ACE919A99F4F00CE61B4 /* DXSemiViewControllerCategory.m */ = {isa = PBXFileReference; fileEncoding = 4; lastKnownFileType = sourcecode.c.objc; name = DXSemiViewControllerCategory.m; path = repository/DXSemiView/DXSemiViewControllerCategory.m; sourceTree = "<group>"; };
		1884ACED19A9A00800CE61B4 /* CategoryViewController.h */ = {isa = PBXFileReference; fileEncoding = 4; lastKnownFileType = sourcecode.c.h; name = CategoryViewController.h; path = Views/CategoryViewController.h; sourceTree = "<group>"; };
		1884ACEE19A9A00800CE61B4 /* CategoryViewController.m */ = {isa = PBXFileReference; fileEncoding = 4; lastKnownFileType = sourcecode.c.objc; name = CategoryViewController.m; path = Views/CategoryViewController.m; sourceTree = "<group>"; };
		1884ACF119A9AAF400CE61B4 /* CategoryTableViewCell.h */ = {isa = PBXFileReference; fileEncoding = 4; lastKnownFileType = sourcecode.c.h; name = CategoryTableViewCell.h; path = Views/Cells/CategoryTableViewCell.h; sourceTree = "<group>"; };
		1884ACF219A9AAF400CE61B4 /* CategoryTableViewCell.m */ = {isa = PBXFileReference; fileEncoding = 4; lastKnownFileType = sourcecode.c.objc; name = CategoryTableViewCell.m; path = Views/Cells/CategoryTableViewCell.m; sourceTree = "<group>"; };
		1884ACF319A9AAF400CE61B4 /* CategoryTableViewCell.xib */ = {isa = PBXFileReference; fileEncoding = 4; lastKnownFileType = file.xib; name = CategoryTableViewCell.xib; path = Views/Cells/CategoryTableViewCell.xib; sourceTree = "<group>"; };
		1884ACF619A9B44F00CE61B4 /* category1.png */ = {isa = PBXFileReference; lastKnownFileType = image.png; name = category1.png; path = Images/category1.png; sourceTree = "<group>"; };
		1884ACF719A9B44F00CE61B4 /* category2.png */ = {isa = PBXFileReference; lastKnownFileType = image.png; name = category2.png; path = Images/category2.png; sourceTree = "<group>"; };
		1884ACF819A9B44F00CE61B4 /* category3.png */ = {isa = PBXFileReference; lastKnownFileType = image.png; name = category3.png; path = Images/category3.png; sourceTree = "<group>"; };
		1884ACF919A9B44F00CE61B4 /* category4.png */ = {isa = PBXFileReference; lastKnownFileType = image.png; name = category4.png; path = Images/category4.png; sourceTree = "<group>"; };
		1884ACFA19A9B44F00CE61B4 /* category5.png */ = {isa = PBXFileReference; lastKnownFileType = image.png; name = category5.png; path = Images/category5.png; sourceTree = "<group>"; };
		1884ACFB19A9B44F00CE61B4 /* category6.png */ = {isa = PBXFileReference; lastKnownFileType = image.png; name = category6.png; path = Images/category6.png; sourceTree = "<group>"; };
		1884AD0219A9C11300CE61B4 /* launch.png */ = {isa = PBXFileReference; lastKnownFileType = image.png; name = launch.png; path = Images/launch.png; sourceTree = "<group>"; };
		1884AD0419A9C20500CE61B4 /* icon.png */ = {isa = PBXFileReference; lastKnownFileType = image.png; name = icon.png; path = Images/icon.png; sourceTree = "<group>"; };
		1884AD0619A9C26600CE61B4 /* icon1.png */ = {isa = PBXFileReference; lastKnownFileType = image.png; name = icon1.png; path = Images/icon1.png; sourceTree = "<group>"; };
		189DE08319BDA52600B6F17F /* MyAccountViewController.h */ = {isa = PBXFileReference; fileEncoding = 4; lastKnownFileType = sourcecode.c.h; name = MyAccountViewController.h; path = Views/MyAccountViewController.h; sourceTree = "<group>"; };
		189DE08419BDA52600B6F17F /* MyAccountViewController.m */ = {isa = PBXFileReference; fileEncoding = 4; lastKnownFileType = sourcecode.c.objc; name = MyAccountViewController.m; path = Views/MyAccountViewController.m; sourceTree = "<group>"; };
		189DE08519BDA52600B6F17F /* MyAccountViewController.xib */ = {isa = PBXFileReference; fileEncoding = 4; lastKnownFileType = file.xib; name = MyAccountViewController.xib; path = Views/MyAccountViewController.xib; sourceTree = "<group>"; };
		189DE08819BDA7E200B6F17F /* MyCombinationViewController.h */ = {isa = PBXFileReference; fileEncoding = 4; lastKnownFileType = sourcecode.c.h; name = MyCombinationViewController.h; path = Views/MyCombinationViewController.h; sourceTree = "<group>"; };
		189DE08919BDA7E200B6F17F /* MyCombinationViewController.m */ = {isa = PBXFileReference; fileEncoding = 4; lastKnownFileType = sourcecode.c.objc; name = MyCombinationViewController.m; path = Views/MyCombinationViewController.m; sourceTree = "<group>"; };
		189DE08A19BDA7E200B6F17F /* MyCombinationViewController.xib */ = {isa = PBXFileReference; fileEncoding = 4; lastKnownFileType = file.xib; name = MyCombinationViewController.xib; path = Views/MyCombinationViewController.xib; sourceTree = "<group>"; };
		189DE08D19BDA84200B6F17F /* FocusViewController.h */ = {isa = PBXFileReference; fileEncoding = 4; lastKnownFileType = sourcecode.c.h; name = FocusViewController.h; path = Views/FocusViewController.h; sourceTree = "<group>"; };
		189DE08E19BDA84200B6F17F /* FocusViewController.m */ = {isa = PBXFileReference; fileEncoding = 4; lastKnownFileType = sourcecode.c.objc; name = FocusViewController.m; path = Views/FocusViewController.m; sourceTree = "<group>"; };
		189DE08F19BDA84200B6F17F /* FocusViewController.xib */ = {isa = PBXFileReference; fileEncoding = 4; lastKnownFileType = file.xib; name = FocusViewController.xib; path = Views/FocusViewController.xib; sourceTree = "<group>"; };
		189DE09219BDA8B100B6F17F /* ConsultantViewController.h */ = {isa = PBXFileReference; fileEncoding = 4; lastKnownFileType = sourcecode.c.h; name = ConsultantViewController.h; path = Views/ConsultantViewController.h; sourceTree = "<group>"; };
		189DE09319BDA8B100B6F17F /* ConsultantViewController.m */ = {isa = PBXFileReference; fileEncoding = 4; lastKnownFileType = sourcecode.c.objc; name = ConsultantViewController.m; path = Views/ConsultantViewController.m; sourceTree = "<group>"; };
		189DE09419BDA8B100B6F17F /* ConsultantViewController.xib */ = {isa = PBXFileReference; fileEncoding = 4; lastKnownFileType = file.xib; name = ConsultantViewController.xib; path = Views/ConsultantViewController.xib; sourceTree = "<group>"; };
		189DE09719BDA92300B6F17F /* MyCycleViewController.h */ = {isa = PBXFileReference; fileEncoding = 4; lastKnownFileType = sourcecode.c.h; name = MyCycleViewController.h; path = Views/MyCycleViewController.h; sourceTree = "<group>"; };
		189DE09819BDA92300B6F17F /* MyCycleViewController.m */ = {isa = PBXFileReference; fileEncoding = 4; lastKnownFileType = sourcecode.c.objc; name = MyCycleViewController.m; path = Views/MyCycleViewController.m; sourceTree = "<group>"; };
		189DE09919BDA92300B6F17F /* MyCycleViewController.xib */ = {isa = PBXFileReference; fileEncoding = 4; lastKnownFileType = file.xib; name = MyCycleViewController.xib; path = Views/MyCycleViewController.xib; sourceTree = "<group>"; };
		189DE0A419BEAB9B00B6F17F /* GMGridView.xcodeproj */ = {isa = PBXFileReference; lastKnownFileType = "wrapper.pb-project"; name = GMGridView.xcodeproj; path = FinancialPlatform/Framework/GMGridView/GMGridView.xcodeproj; sourceTree = "<group>"; };
		189E0A3A19AB04C000B4B2B6 /* icon2.png */ = {isa = PBXFileReference; lastKnownFileType = image.png; name = icon2.png; path = Images/icon2.png; sourceTree = "<group>"; };
		189E0A3C19AB075E00B4B2B6 /* QuartzCore.framework */ = {isa = PBXFileReference; lastKnownFileType = wrapper.framework; name = QuartzCore.framework; path = System/Library/Frameworks/QuartzCore.framework; sourceTree = SDKROOT; };
		189E0A4819ACAFF500B4B2B6 /* recommended1.png */ = {isa = PBXFileReference; lastKnownFileType = image.png; name = recommended1.png; path = Images/recommended1.png; sourceTree = "<group>"; };
		189E0A4919ACAFF500B4B2B6 /* recommended2.png */ = {isa = PBXFileReference; lastKnownFileType = image.png; name = recommended2.png; path = Images/recommended2.png; sourceTree = "<group>"; };
		189E0A4A19ACAFF500B4B2B6 /* recommended3.png */ = {isa = PBXFileReference; lastKnownFileType = image.png; name = recommended3.png; path = Images/recommended3.png; sourceTree = "<group>"; };
		189E0A4B19ACAFF500B4B2B6 /* recommended4.png */ = {isa = PBXFileReference; lastKnownFileType = image.png; name = recommended4.png; path = Images/recommended4.png; sourceTree = "<group>"; };
		189E0A4C19ACAFF500B4B2B6 /* recommended5.png */ = {isa = PBXFileReference; lastKnownFileType = image.png; name = recommended5.png; path = Images/recommended5.png; sourceTree = "<group>"; };
		189E0A5619B2D87000B4B2B6 /* TrendViewController.h */ = {isa = PBXFileReference; fileEncoding = 4; lastKnownFileType = sourcecode.c.h; name = TrendViewController.h; path = Views/TrendViewController.h; sourceTree = "<group>"; };
		189E0A5719B2D87000B4B2B6 /* TrendViewController.m */ = {isa = PBXFileReference; fileEncoding = 4; lastKnownFileType = sourcecode.c.objc; name = TrendViewController.m; path = Views/TrendViewController.m; sourceTree = "<group>"; };
		189E0A5919B2DDE500B4B2B6 /* TrendView.h */ = {isa = PBXFileReference; fileEncoding = 4; lastKnownFileType = sourcecode.c.h; name = TrendView.h; path = Views/TrendView.h; sourceTree = "<group>"; };
		189E0A5A19B2DDE500B4B2B6 /* TrendView.m */ = {isa = PBXFileReference; fileEncoding = 4; lastKnownFileType = sourcecode.c.objc; name = TrendView.m; path = Views/TrendView.m; sourceTree = "<group>"; };
/* End PBXFileReference section */

/* Begin PBXFrameworksBuildPhase section */
		1884AC6719A8E07300CE61B4 /* Frameworks */ = {
			isa = PBXFrameworksBuildPhase;
			buildActionMask = 2147483647;
			files = (
				189DE0B019BFEEE300B6F17F /* libGMGridView.a in Frameworks */,
				189E0A3D19AB075E00B4B2B6 /* QuartzCore.framework in Frameworks */,
				1884AC7019A8E07300CE61B4 /* CoreGraphics.framework in Frameworks */,
				1884AC7219A8E07300CE61B4 /* UIKit.framework in Frameworks */,
				1884AC6E19A8E07300CE61B4 /* Foundation.framework in Frameworks */,
			);
			runOnlyForDeploymentPostprocessing = 0;
		};
/* End PBXFrameworksBuildPhase section */

/* Begin PBXGroup section */
		1884AC6119A8E07300CE61B4 = {
			isa = PBXGroup;
			children = (
				1884AC7319A8E07300CE61B4 /* FinancialPlatform */,
				1884AC9519A8E07300CE61B4 /* FinancialPlatformTests */,
				1884AC6C19A8E07300CE61B4 /* Frameworks */,
				1884AC6B19A8E07300CE61B4 /* Products */,
			);
			sourceTree = "<group>";
		};
		1884AC6B19A8E07300CE61B4 /* Products */ = {
			isa = PBXGroup;
			children = (
				1884AC6A19A8E07300CE61B4 /* FinancialPlatform.app */,
			);
			name = Products;
			sourceTree = "<group>";
		};
		1884AC6C19A8E07300CE61B4 /* Frameworks */ = {
			isa = PBXGroup;
			children = (
				189DE0A419BEAB9B00B6F17F /* GMGridView.xcodeproj */,
				189E0A3C19AB075E00B4B2B6 /* QuartzCore.framework */,
				1884AC6D19A8E07300CE61B4 /* Foundation.framework */,
				1884AC6F19A8E07300CE61B4 /* CoreGraphics.framework */,
				1884AC7119A8E07300CE61B4 /* UIKit.framework */,
				1884AC8F19A8E07300CE61B4 /* XCTest.framework */,
			);
			name = Frameworks;
			sourceTree = "<group>";
		};
		1884AC7319A8E07300CE61B4 /* FinancialPlatform */ = {
			isa = PBXGroup;
			children = (
				1884ACAC19A8E61C00CE61B4 /* Views */,
				1884ACB019A8E6A700CE61B4 /* Services */,
				1884ACE219A99F2E00CE61B4 /* Repository */,
				1884ACC319A8FF3800CE61B4 /* Images */,
				1884AC7C19A8E07300CE61B4 /* AppDelegate.h */,
				1884AC7D19A8E07300CE61B4 /* AppDelegate.m */,
				1884AC7F19A8E07300CE61B4 /* Main_iPhone.storyboard */,
				1884AC8219A8E07300CE61B4 /* Main_iPad.storyboard */,
				1884AC8519A8E07300CE61B4 /* ViewController.h */,
				1884AC8619A8E07300CE61B4 /* ViewController.m */,
				1884AC8819A8E07300CE61B4 /* Images.xcassets */,
				1884AC7419A8E07300CE61B4 /* Supporting Files */,
			);
			path = FinancialPlatform;
			sourceTree = "<group>";
		};
		1884AC7419A8E07300CE61B4 /* Supporting Files */ = {
			isa = PBXGroup;
			children = (
				1884AC7519A8E07300CE61B4 /* FinancialPlatform-Info.plist */,
				1884AC7619A8E07300CE61B4 /* InfoPlist.strings */,
				1884AC7919A8E07300CE61B4 /* main.m */,
				1884AC7B19A8E07300CE61B4 /* FinancialPlatform-Prefix.pch */,
			);
			name = "Supporting Files";
			sourceTree = "<group>";
		};
		1884AC9519A8E07300CE61B4 /* FinancialPlatformTests */ = {
			isa = PBXGroup;
			children = (
				1884AC9B19A8E07400CE61B4 /* FinancialPlatformTests.m */,
				1884AC9619A8E07400CE61B4 /* Supporting Files */,
			);
			path = FinancialPlatformTests;
			sourceTree = "<group>";
		};
		1884AC9619A8E07400CE61B4 /* Supporting Files */ = {
			isa = PBXGroup;
			children = (
				1884AC9719A8E07400CE61B4 /* FinancialPlatformTests-Info.plist */,
				1884AC9819A8E07400CE61B4 /* InfoPlist.strings */,
			);
			name = "Supporting Files";
			sourceTree = "<group>";
		};
		1884ACAC19A8E61C00CE61B4 /* Views */ = {
			isa = PBXGroup;
			children = (
				189DE0A219BDAAED00B6F17F /* Intro */,
				189DE0A119BDAAD200B6F17F /* Home */,
				189DE09C19BDAA8000B6F17F /* MyAccount */,
				189DE09D19BDAA8D00B6F17F /* MyCombination */,
				189DE09E19BDAA9E00B6F17F /* Focus */,
				189DE09F19BDAAB100B6F17F /* Consultant */,
				189DE0A019BDAABD00B6F17F /* MyCycle */,
			);
			name = Views;
			sourceTree = "<group>";
		};
		1884ACB019A8E6A700CE61B4 /* Services */ = {
			isa = PBXGroup;
			children = (
				1884ACB119A8E6EE00CE61B4 /* StateServices.h */,
				1884ACB219A8E6EE00CE61B4 /* StateServices.m */,
			);
			name = Services;
			sourceTree = "<group>";
		};
		1884ACB619A8E97E00CE61B4 /* IntroSubViews */ = {
			isa = PBXGroup;
			children = (
				1884ACB719A8E9C800CE61B4 /* Intro1ViewController.h */,
				1884ACB819A8E9C800CE61B4 /* Intro1ViewController.m */,
				1884ACB919A8E9C800CE61B4 /* Intro1ViewController.xib */,
				1884ACBC19A8E9DA00CE61B4 /* Intro2ViewController.h */,
				1884ACBD19A8E9DA00CE61B4 /* Intro2ViewController.m */,
				1884ACBE19A8E9DA00CE61B4 /* Intro2ViewController.xib */,
			);
			name = IntroSubViews;
			sourceTree = "<group>";
		};
		1884ACC319A8FF3800CE61B4 /* Images */ = {
			isa = PBXGroup;
			children = (
				189E0A4819ACAFF500B4B2B6 /* recommended1.png */,
				189E0A4919ACAFF500B4B2B6 /* recommended2.png */,
				189E0A4A19ACAFF500B4B2B6 /* recommended3.png */,
				189E0A4B19ACAFF500B4B2B6 /* recommended4.png */,
				189E0A4C19ACAFF500B4B2B6 /* recommended5.png */,
				1884AD0619A9C26600CE61B4 /* icon1.png */,
				1884AD0419A9C20500CE61B4 /* icon.png */,
				189E0A3A19AB04C000B4B2B6 /* icon2.png */,
				1884AD0219A9C11300CE61B4 /* launch.png */,
				1884ACF619A9B44F00CE61B4 /* category1.png */,
				1884ACF719A9B44F00CE61B4 /* category2.png */,
				1884ACF819A9B44F00CE61B4 /* category3.png */,
				1884ACF919A9B44F00CE61B4 /* category4.png */,
				1884ACFA19A9B44F00CE61B4 /* category5.png */,
				1884ACFB19A9B44F00CE61B4 /* category6.png */,
				1884ACDC19A99A3600CE61B4 /* category.png */,
				1884ACDD19A99A3600CE61B4 /* person.png */,
				1884ACDE19A99A3600CE61B4 /* search.png */,
				1884ACC619A8FF7B00CE61B4 /* cancel.png */,
				1884ACC819A9009700CE61B4 /* 1.jpg */,
				1884ACC919A9009700CE61B4 /* 2.jpg */,
			);
			name = Images;
			sourceTree = "<group>";
		};
		1884ACE219A99F2E00CE61B4 /* Repository */ = {
			isa = PBXGroup;
			children = (
				1884ACE319A99F4400CE61B4 /* DXSemiView */,
			);
			name = Repository;
			sourceTree = "<group>";
		};
		1884ACE319A99F4400CE61B4 /* DXSemiView */ = {
			isa = PBXGroup;
			children = (
				1884ACE419A99F4F00CE61B4 /* DXSemiTableViewController.h */,
				1884ACE519A99F4F00CE61B4 /* DXSemiTableViewController.m */,
				1884ACE619A99F4F00CE61B4 /* DXSemiViewController.h */,
				1884ACE719A99F4F00CE61B4 /* DXSemiViewController.m */,
				1884ACE819A99F4F00CE61B4 /* DXSemiViewControllerCategory.h */,
				1884ACE919A99F4F00CE61B4 /* DXSemiViewControllerCategory.m */,
			);
			name = DXSemiView;
			sourceTree = "<group>";
		};
		1884ACF019A9AAB400CE61B4 /* Cells */ = {
			isa = PBXGroup;
			children = (
				1884ACF119A9AAF400CE61B4 /* CategoryTableViewCell.h */,
				1884ACF219A9AAF400CE61B4 /* CategoryTableViewCell.m */,
				1884ACF319A9AAF400CE61B4 /* CategoryTableViewCell.xib */,
			);
			name = Cells;
			sourceTree = "<group>";
		};
		189DE09C19BDAA8000B6F17F /* MyAccount */ = {
			isa = PBXGroup;
			children = (
				189DE08319BDA52600B6F17F /* MyAccountViewController.h */,
				189DE08419BDA52600B6F17F /* MyAccountViewController.m */,
				189DE08519BDA52600B6F17F /* MyAccountViewController.xib */,
			);
			name = MyAccount;
			sourceTree = "<group>";
		};
		189DE09D19BDAA8D00B6F17F /* MyCombination */ = {
			isa = PBXGroup;
			children = (
				189DE08819BDA7E200B6F17F /* MyCombinationViewController.h */,
				189DE08919BDA7E200B6F17F /* MyCombinationViewController.m */,
				189DE08A19BDA7E200B6F17F /* MyCombinationViewController.xib */,
			);
			name = MyCombination;
			sourceTree = "<group>";
		};
		189DE09E19BDAA9E00B6F17F /* Focus */ = {
			isa = PBXGroup;
			children = (
				189DE08D19BDA84200B6F17F /* FocusViewController.h */,
				189DE08E19BDA84200B6F17F /* FocusViewController.m */,
				189DE08F19BDA84200B6F17F /* FocusViewController.xib */,
			);
			name = Focus;
			sourceTree = "<group>";
		};
		189DE09F19BDAAB100B6F17F /* Consultant */ = {
			isa = PBXGroup;
			children = (
				189DE09219BDA8B100B6F17F /* ConsultantViewController.h */,
				189DE09319BDA8B100B6F17F /* ConsultantViewController.m */,
				189DE09419BDA8B100B6F17F /* ConsultantViewController.xib */,
			);
			name = Consultant;
			sourceTree = "<group>";
		};
		189DE0A019BDAABD00B6F17F /* MyCycle */ = {
			isa = PBXGroup;
			children = (
				189DE09719BDA92300B6F17F /* MyCycleViewController.h */,
				189DE09819BDA92300B6F17F /* MyCycleViewController.m */,
				189DE09919BDA92300B6F17F /* MyCycleViewController.xib */,
			);
			name = MyCycle;
			sourceTree = "<group>";
		};
		189DE0A119BDAAD200B6F17F /* Home */ = {
			isa = PBXGroup;
			children = (
				1884ACAD19A8E66600CE61B4 /* HomeViewController.h */,
				1884ACAE19A8E66600CE61B4 /* HomeViewController.m */,
				1884ACED19A9A00800CE61B4 /* CategoryViewController.h */,
				1884ACEE19A9A00800CE61B4 /* CategoryViewController.m */,
				189E0A5619B2D87000B4B2B6 /* TrendViewController.h */,
				189E0A5719B2D87000B4B2B6 /* TrendViewController.m */,
				189E0A5919B2DDE500B4B2B6 /* TrendView.h */,
				189E0A5A19B2DDE500B4B2B6 /* TrendView.m */,
				1884ACF019A9AAB400CE61B4 /* Cells */,
			);
			name = Home;
			sourceTree = "<group>";
		};
		189DE0A219BDAAED00B6F17F /* Intro */ = {
			isa = PBXGroup;
			children = (
				1884ACA919A8E61400CE61B4 /* IntroViewController.h */,
				1884ACAA19A8E61400CE61B4 /* IntroViewController.m */,
				1884ACB419A8E8F400CE61B4 /* IntroViewController.xib */,
				1884ACB619A8E97E00CE61B4 /* IntroSubViews */,
			);
			name = Intro;
			sourceTree = "<group>";
		};
		189DE0A519BEAB9B00B6F17F /* Products */ = {
			isa = PBXGroup;
			children = (
				189DE0A919BEAB9C00B6F17F /* libGMGridView.a */,
			);
			name = Products;
			sourceTree = "<group>";
		};
/* End PBXGroup section */

/* Begin PBXNativeTarget section */
		1884AC6919A8E07300CE61B4 /* FinancialPlatform */ = {
			isa = PBXNativeTarget;
			buildConfigurationList = 1884AC9F19A8E07400CE61B4 /* Build configuration list for PBXNativeTarget "FinancialPlatform" */;
			buildPhases = (
				1884AC6619A8E07300CE61B4 /* Sources */,
				1884AC6719A8E07300CE61B4 /* Frameworks */,
				1884AC6819A8E07300CE61B4 /* Resources */,
			);
			buildRules = (
			);
			dependencies = (
			);
			name = FinancialPlatform;
			productName = FinancialPlatform;
			productReference = 1884AC6A19A8E07300CE61B4 /* FinancialPlatform.app */;
			productType = "com.apple.product-type.application";
		};
/* End PBXNativeTarget section */

/* Begin PBXProject section */
		1884AC6219A8E07300CE61B4 /* Project object */ = {
			isa = PBXProject;
			attributes = {
				LastUpgradeCheck = 0510;
				ORGANIZATIONNAME = yuanxin;
				TargetAttributes = {
					1884AC6919A8E07300CE61B4 = {
						DevelopmentTeam = W7MQ5T8GZP;
					};
				};
			};
			buildConfigurationList = 1884AC6519A8E07300CE61B4 /* Build configuration list for PBXProject "FinancialPlatform" */;
			compatibilityVersion = "Xcode 3.2";
			developmentRegion = English;
			hasScannedForEncodings = 0;
			knownRegions = (
				en,
				Base,
			);
			mainGroup = 1884AC6119A8E07300CE61B4;
			productRefGroup = 1884AC6B19A8E07300CE61B4 /* Products */;
			projectDirPath = "";
			projectReferences = (
				{
					ProductGroup = 189DE0A519BEAB9B00B6F17F /* Products */;
					ProjectRef = 189DE0A419BEAB9B00B6F17F /* GMGridView.xcodeproj */;
				},
			);
			projectRoot = "";
			targets = (
				1884AC6919A8E07300CE61B4 /* FinancialPlatform */,
			);
		};
/* End PBXProject section */

/* Begin PBXReferenceProxy section */
		189DE0A919BEAB9C00B6F17F /* libGMGridView.a */ = {
			isa = PBXReferenceProxy;
			fileType = archive.ar;
			path = libGMGridView.a;
			remoteRef = 189DE0A819BEAB9C00B6F17F /* PBXContainerItemProxy */;
			sourceTree = BUILT_PRODUCTS_DIR;
		};
/* End PBXReferenceProxy section */

/* Begin PBXResourcesBuildPhase section */
		1884AC6819A8E07300CE61B4 /* Resources */ = {
			isa = PBXResourcesBuildPhase;
			buildActionMask = 2147483647;
			files = (
				189DE08C19BDA7E200B6F17F /* MyCombinationViewController.xib in Resources */,
				189DE09B19BDA92300B6F17F /* MyCycleViewController.xib in Resources */,
				1884AD0319A9C11300CE61B4 /* launch.png in Resources */,
				1884ACFF19A9B44F00CE61B4 /* category4.png in Resources */,
				1884ACFD19A9B44F00CE61B4 /* category2.png in Resources */,
				1884ACE019A99A3600CE61B4 /* person.png in Resources */,
				189E0A4E19ACAFF500B4B2B6 /* recommended2.png in Resources */,
				1884AD0019A9B44F00CE61B4 /* category5.png in Resources */,
				189DE09119BDA84200B6F17F /* FocusViewController.xib in Resources */,
				1884ACF519A9AAF400CE61B4 /* CategoryTableViewCell.xib in Resources */,
				189E0A4D19ACAFF500B4B2B6 /* recommended1.png in Resources */,
				1884AD0519A9C20500CE61B4 /* icon.png in Resources */,
				189E0A5019ACAFF500B4B2B6 /* recommended4.png in Resources */,
				1884ACDF19A99A3600CE61B4 /* category.png in Resources */,
				1884ACFC19A9B44F00CE61B4 /* category1.png in Resources */,
				1884AC8419A8E07300CE61B4 /* Main_iPad.storyboard in Resources */,
				1884AD0719A9C26600CE61B4 /* icon1.png in Resources */,
				1884AD0119A9B44F00CE61B4 /* category6.png in Resources */,
				1884ACC019A8E9DA00CE61B4 /* Intro2ViewController.xib in Resources */,
				1884ACCB19A9009700CE61B4 /* 2.jpg in Resources */,
				1884ACBB19A8E9C800CE61B4 /* Intro1ViewController.xib in Resources */,
				1884ACC719A8FF7B00CE61B4 /* cancel.png in Resources */,
				1884ACB519A8E8F400CE61B4 /* IntroViewController.xib in Resources */,
				189DE09619BDA8B100B6F17F /* ConsultantViewController.xib in Resources */,
				1884ACE119A99A3600CE61B4 /* search.png in Resources */,
				1884AC8919A8E07300CE61B4 /* Images.xcassets in Resources */,
				189E0A4F19ACAFF500B4B2B6 /* recommended3.png in Resources */,
				1884ACFE19A9B44F00CE61B4 /* category3.png in Resources */,
				1884ACCA19A9009700CE61B4 /* 1.jpg in Resources */,
				1884AC8119A8E07300CE61B4 /* Main_iPhone.storyboard in Resources */,
				189E0A5119ACAFF500B4B2B6 /* recommended5.png in Resources */,
				1884AC7819A8E07300CE61B4 /* InfoPlist.strings in Resources */,
				189DE08719BDA52600B6F17F /* MyAccountViewController.xib in Resources */,
				189E0A3B19AB04C000B4B2B6 /* icon2.png in Resources */,
			);
			runOnlyForDeploymentPostprocessing = 0;
		};
/* End PBXResourcesBuildPhase section */

/* Begin PBXSourcesBuildPhase section */
		1884AC6619A8E07300CE61B4 /* Sources */ = {
			isa = PBXSourcesBuildPhase;
			buildActionMask = 2147483647;
			files = (
				189E0A5819B2D87000B4B2B6 /* TrendViewController.m in Sources */,
				1884AC8719A8E07300CE61B4 /* ViewController.m in Sources */,
				1884AC7E19A8E07300CE61B4 /* AppDelegate.m in Sources */,
				1884AC7A19A8E07300CE61B4 /* main.m in Sources */,
				1884ACB319A8E6EE00CE61B4 /* StateServices.m in Sources */,
				1884ACEF19A9A00800CE61B4 /* CategoryViewController.m in Sources */,
				189DE08619BDA52600B6F17F /* MyAccountViewController.m in Sources */,
				189DE09A19BDA92300B6F17F /* MyCycleViewController.m in Sources */,
				189DE08B19BDA7E200B6F17F /* MyCombinationViewController.m in Sources */,
				1884ACEB19A99F4F00CE61B4 /* DXSemiViewController.m in Sources */,
				1884ACF419A9AAF400CE61B4 /* CategoryTableViewCell.m in Sources */,
				1884ACBA19A8E9C800CE61B4 /* Intro1ViewController.m in Sources */,
				1884ACAF19A8E66600CE61B4 /* HomeViewController.m in Sources */,
				1884ACBF19A8E9DA00CE61B4 /* Intro2ViewController.m in Sources */,
				1884ACEC19A99F4F00CE61B4 /* DXSemiViewControllerCategory.m in Sources */,
				1884ACEA19A99F4F00CE61B4 /* DXSemiTableViewController.m in Sources */,
				189DE09019BDA84200B6F17F /* FocusViewController.m in Sources */,
				1884ACAB19A8E61400CE61B4 /* IntroViewController.m in Sources */,
				189E0A5B19B2DDE500B4B2B6 /* TrendView.m in Sources */,
				189DE09519BDA8B100B6F17F /* ConsultantViewController.m in Sources */,
			);
			runOnlyForDeploymentPostprocessing = 0;
		};
/* End PBXSourcesBuildPhase section */

/* Begin PBXVariantGroup section */
		1884AC7619A8E07300CE61B4 /* InfoPlist.strings */ = {
			isa = PBXVariantGroup;
			children = (
				1884AC7719A8E07300CE61B4 /* en */,
			);
			name = InfoPlist.strings;
			sourceTree = "<group>";
		};
		1884AC7F19A8E07300CE61B4 /* Main_iPhone.storyboard */ = {
			isa = PBXVariantGroup;
			children = (
				1884AC8019A8E07300CE61B4 /* Base */,
			);
			name = Main_iPhone.storyboard;
			sourceTree = "<group>";
		};
		1884AC8219A8E07300CE61B4 /* Main_iPad.storyboard */ = {
			isa = PBXVariantGroup;
			children = (
				1884AC8319A8E07300CE61B4 /* Base */,
			);
			name = Main_iPad.storyboard;
			sourceTree = "<group>";
		};
		1884AC9819A8E07400CE61B4 /* InfoPlist.strings */ = {
			isa = PBXVariantGroup;
			children = (
				1884AC9919A8E07400CE61B4 /* en */,
			);
			name = InfoPlist.strings;
			sourceTree = "<group>";
		};
/* End PBXVariantGroup section */

/* Begin XCBuildConfiguration section */
		1884AC9D19A8E07400CE61B4 /* Debug */ = {
			isa = XCBuildConfiguration;
			buildSettings = {
				ALWAYS_SEARCH_USER_PATHS = NO;
				CLANG_CXX_LANGUAGE_STANDARD = "gnu++0x";
				CLANG_CXX_LIBRARY = "libc++";
				CLANG_ENABLE_MODULES = YES;
				CLANG_ENABLE_OBJC_ARC = YES;
				CLANG_WARN_BOOL_CONVERSION = YES;
				CLANG_WARN_CONSTANT_CONVERSION = YES;
				CLANG_WARN_DIRECT_OBJC_ISA_USAGE = YES_ERROR;
				CLANG_WARN_EMPTY_BODY = YES;
				CLANG_WARN_ENUM_CONVERSION = YES;
				CLANG_WARN_INT_CONVERSION = YES;
				CLANG_WARN_OBJC_ROOT_CLASS = YES_ERROR;
				CLANG_WARN__DUPLICATE_METHOD_MATCH = YES;
				"CODE_SIGN_IDENTITY[sdk=iphoneos*]" = "iPhone Developer";
				COPY_PHASE_STRIP = NO;
				GCC_C_LANGUAGE_STANDARD = gnu99;
				GCC_DYNAMIC_NO_PIC = NO;
				GCC_OPTIMIZATION_LEVEL = 0;
				GCC_PREPROCESSOR_DEFINITIONS = (
					"DEBUG=1",
					"$(inherited)",
				);
				GCC_SYMBOLS_PRIVATE_EXTERN = NO;
				GCC_WARN_64_TO_32_BIT_CONVERSION = YES;
				GCC_WARN_ABOUT_RETURN_TYPE = YES_ERROR;
				GCC_WARN_UNDECLARED_SELECTOR = YES;
				GCC_WARN_UNINITIALIZED_AUTOS = YES_AGGRESSIVE;
				GCC_WARN_UNUSED_FUNCTION = YES;
				GCC_WARN_UNUSED_VARIABLE = YES;
				INSTALL_PATH = "$(LOCAL_APPS_DIR)";
				IPHONEOS_DEPLOYMENT_TARGET = 7.1;
				ONLY_ACTIVE_ARCH = YES;
				SDKROOT = iphoneos;
				SKIP_INSTALL = NO;
				TARGETED_DEVICE_FAMILY = "1,2";
			};
			name = Debug;
		};
		1884AC9E19A8E07400CE61B4 /* Release */ = {
			isa = XCBuildConfiguration;
			buildSettings = {
				ALWAYS_SEARCH_USER_PATHS = NO;
				CLANG_CXX_LANGUAGE_STANDARD = "gnu++0x";
				CLANG_CXX_LIBRARY = "libc++";
				CLANG_ENABLE_MODULES = YES;
				CLANG_ENABLE_OBJC_ARC = YES;
				CLANG_WARN_BOOL_CONVERSION = YES;
				CLANG_WARN_CONSTANT_CONVERSION = YES;
				CLANG_WARN_DIRECT_OBJC_ISA_USAGE = YES_ERROR;
				CLANG_WARN_EMPTY_BODY = YES;
				CLANG_WARN_ENUM_CONVERSION = YES;
				CLANG_WARN_INT_CONVERSION = YES;
				CLANG_WARN_OBJC_ROOT_CLASS = YES_ERROR;
				CLANG_WARN__DUPLICATE_METHOD_MATCH = YES;
				"CODE_SIGN_IDENTITY[sdk=iphoneos*]" = "iPhone Developer";
				COPY_PHASE_STRIP = YES;
				ENABLE_NS_ASSERTIONS = NO;
				GCC_C_LANGUAGE_STANDARD = gnu99;
				GCC_WARN_64_TO_32_BIT_CONVERSION = YES;
				GCC_WARN_ABOUT_RETURN_TYPE = YES_ERROR;
				GCC_WARN_UNDECLARED_SELECTOR = YES;
				GCC_WARN_UNINITIALIZED_AUTOS = YES_AGGRESSIVE;
				GCC_WARN_UNUSED_FUNCTION = YES;
				GCC_WARN_UNUSED_VARIABLE = YES;
				INSTALL_PATH = "$(LOCAL_APPS_DIR)";
				IPHONEOS_DEPLOYMENT_TARGET = 7.1;
				SDKROOT = iphoneos;
				SKIP_INSTALL = NO;
				TARGETED_DEVICE_FAMILY = "1,2";
				VALIDATE_PRODUCT = YES;
			};
			name = Release;
		};
		1884ACA019A8E07400CE61B4 /* Debug */ = {
			isa = XCBuildConfiguration;
			buildSettings = {
				ASSETCATALOG_COMPILER_APPICON_NAME = AppIcon;
				ASSETCATALOG_COMPILER_LAUNCHIMAGE_NAME = LaunchImage;
				CODE_SIGN_IDENTITY = "iPhone Developer";
				"CODE_SIGN_IDENTITY[sdk=iphoneos*]" = "iPhone Developer";
				GCC_PRECOMPILE_PREFIX_HEADER = YES;
				GCC_PREFIX_HEADER = "FinancialPlatform/FinancialPlatform-Prefix.pch";
				HEADER_SEARCH_PATHS = (
					"$(inherited)",
					/Applications/Xcode.app/Contents/Developer/Toolchains/XcodeDefault.xctoolchain/usr/include,
					FinancialPlatform/Framework/GMGridView,
				);
				INFOPLIST_FILE = "FinancialPlatform/FinancialPlatform-Info.plist";
				INSTALL_PATH = "";
				OTHER_LDFLAGS = "-ObjC";
				PRODUCT_NAME = "$(TARGET_NAME)";
				PROVISIONING_PROFILE = "D14A44A7-D3E3-47E2-97EC-021CF9887017";
				SKIP_INSTALL = NO;
				WRAPPER_EXTENSION = app;
			};
			name = Debug;
		};
		1884ACA119A8E07400CE61B4 /* Release */ = {
			isa = XCBuildConfiguration;
			buildSettings = {
				ASSETCATALOG_COMPILER_APPICON_NAME = AppIcon;
				ASSETCATALOG_COMPILER_LAUNCHIMAGE_NAME = LaunchImage;
				CODE_SIGN_IDENTITY = "iPhone Distribution: Yunnan Yuanxin Technology Co., Ltd.";
				"CODE_SIGN_IDENTITY[sdk=iphoneos*]" = "iPhone Developer";
				GCC_PRECOMPILE_PREFIX_HEADER = YES;
				GCC_PREFIX_HEADER = "FinancialPlatform/FinancialPlatform-Prefix.pch";
				HEADER_SEARCH_PATHS = (
					"$(inherited)",
					/Applications/Xcode.app/Contents/Developer/Toolchains/XcodeDefault.xctoolchain/usr/include,
					FinancialPlatform/Framework/GMGridView,
				);
				INFOPLIST_FILE = "FinancialPlatform/FinancialPlatform-Info.plist";
				INSTALL_PATH = "";
				OTHER_LDFLAGS = "-ObjC";
				PRODUCT_NAME = "$(TARGET_NAME)";
				PROVISIONING_PROFILE = "D14A44A7-D3E3-47E2-97EC-021CF9887017";
				SKIP_INSTALL = NO;
				WRAPPER_EXTENSION = app;
			};
			name = Release;
		};
/* End XCBuildConfiguration section */

/* Begin XCConfigurationList section */
		1884AC6519A8E07300CE61B4 /* Build configuration list for PBXProject "FinancialPlatform" */ = {
			isa = XCConfigurationList;
			buildConfigurations = (
				1884AC9D19A8E07400CE61B4 /* Debug */,
				1884AC9E19A8E07400CE61B4 /* Release */,
			);
			defaultConfigurationIsVisible = 0;
			defaultConfigurationName = Release;
		};
		1884AC9F19A8E07400CE61B4 /* Build configuration list for PBXNativeTarget "FinancialPlatform" */ = {
			isa = XCConfigurationList;
			buildConfigurations = (
				1884ACA019A8E07400CE61B4 /* Debug */,
				1884ACA119A8E07400CE61B4 /* Release */,
			);
			defaultConfigurationIsVisible = 0;
			defaultConfigurationName = Release;
		};
/* End XCConfigurationList section */
	};
	rootObject = 1884AC6219A8E07300CE61B4 /* Project object */;
}
